
Microsoft Visual Studio Solution File, Format Version 12.00
# Visual Studio Version 17
VisualStudioVersion = 17.8.34511.84
MinimumVisualStudioVersion = 10.0.40219.1
Project("{FAE04EC0-301F-11D3-BF4B-00C04F79EFBC}") = "ShoppingList", "ShoppingList.csproj", "{47A4C5F3-43D6-4876-8D53-87CB9564F893}"
EndProject
Global
	GlobalSection(SolutionConfigurationPlatforms) = preSolution
		Debug|Any CPU = Debug|Any CPU
		Release|Any CPU = Release|Any CPU
	EndGlobalSection
	GlobalSection(ProjectConfigurationPlatforms) = postSolution
		{47A4C5F3-43D6-4876-8D53-87CB9564F893}.Debug|Any CPU.ActiveCfg = Debug|Any CPU
		{47A4C5F3-43D6-4876-8D53-87CB9564F893}.Debug|Any CPU.Build.0 = Debug|Any CPU
		{47A4C5F3-43D6-4876-8D53-87CB9564F893}.Release|Any CPU.ActiveCfg = Release|Any CPU
		{47A4C5F3-43D6-4876-8D53-87CB9564F893}.Release|Any CPU.Build.0 = Release|Any CPU
	EndGlobalSection
	GlobalSection(SolutionProperties) = preSolution
		HideSolutionNode = FALSE
	EndGlobalSection
	GlobalSection(ExtensibilityGlobals) = postSolution
		SolutionGuid = {F6B65531-9E88-4F76-8ADA-141AE4CB4DB9}
	EndGlobalSection
EndGlobal
