
Microsoft Visual Studio Solution File, Format Version 12.00
# Visual Studio Version 17
VisualStudioVersion = 17.8.34309.116
MinimumVisualStudioVersion = 10.0.40219.1
Project("{FAE04EC0-301F-11D3-BF4B-00C04F79EFBC}") = "IntroductionMVC", "IntroductionMVC.csproj", "{F99747D0-FA8A-4B2C-AC99-B6521BCB7AFE}"
EndProject
Global
	GlobalSection(SolutionConfigurationPlatforms) = preSolution
		Debug|Any CPU = Debug|Any CPU
		Release|Any CPU = Release|Any CPU
	EndGlobalSection
	GlobalSection(ProjectConfigurationPlatforms) = postSolution
		{F99747D0-FA8A-4B2C-AC99-B6521BCB7AFE}.Debug|Any CPU.ActiveCfg = Debug|Any CPU
		{F99747D0-FA8A-4B2C-AC99-B6521BCB7AFE}.Debug|Any CPU.Build.0 = Debug|Any CPU
		{F99747D0-FA8A-4B2C-AC99-B6521BCB7AFE}.Release|Any CPU.ActiveCfg = Release|Any CPU
		{F99747D0-FA8A-4B2C-AC99-B6521BCB7AFE}.Release|Any CPU.Build.0 = Release|Any CPU
	EndGlobalSection
	GlobalSection(SolutionProperties) = preSolution
		HideSolutionNode = FALSE
	EndGlobalSection
	GlobalSection(ExtensibilityGlobals) = postSolution
		SolutionGuid = {1F1C1925-5556-4E9C-9EA3-EBED2BED2847}
	EndGlobalSection
EndGlobal
