
Microsoft Visual Studio Solution File, Format Version 12.00
# Visual Studio Version 17
VisualStudioVersion = 17.8.34511.84
MinimumVisualStudioVersion = 10.0.40219.1
Project("{FAE04EC0-301F-11D3-BF4B-00C04F79EFBC}") = "TextSplitterApp", "TextSplitterApp.csproj", "{C9E07D0C-CA27-4C62-AF72-AE68EEE3E160}"
EndProject
Global
	GlobalSection(SolutionConfigurationPlatforms) = preSolution
		Debug|Any CPU = Debug|Any CPU
		Release|Any CPU = Release|Any CPU
	EndGlobalSection
	GlobalSection(ProjectConfigurationPlatforms) = postSolution
		{C9E07D0C-CA27-4C62-AF72-AE68EEE3E160}.Debug|Any CPU.ActiveCfg = Debug|Any CPU
		{C9E07D0C-CA27-4C62-AF72-AE68EEE3E160}.Debug|Any CPU.Build.0 = Debug|Any CPU
		{C9E07D0C-CA27-4C62-AF72-AE68EEE3E160}.Release|Any CPU.ActiveCfg = Release|Any CPU
		{C9E07D0C-CA27-4C62-AF72-AE68EEE3E160}.Release|Any CPU.Build.0 = Release|Any CPU
	EndGlobalSection
	GlobalSection(SolutionProperties) = preSolution
		HideSolutionNode = FALSE
	EndGlobalSection
	GlobalSection(ExtensibilityGlobals) = postSolution
		SolutionGuid = {FE64CD55-6CC3-47BF-BC27-F2D314006A0F}
	EndGlobalSection
EndGlobal
